dependencies:
- name: common
  repository: https://fluidtruck.github.io/helm-charts
  version: 1.1.0
- name: postgresql
  repository: https://charts.bitnami.com/bitnami
  version: 10.10.1
- name: redis
  repository: https://charts.bitnami.com/bitnami
  version: 15.3.2
digest: sha256:db0576ec1b8e9e069388f9ff4b28009e9745739ceb8f62fa4435eb64385590f0
generated: "2021-09-22T09:38:25.498242-06:00"
